// !$*UTF8*$!
{
	archiveVersion = 1;
	classes = {
	};
	objectVersion = 46;
	objects = {

/* Begin PBXBuildFile section */
		067653DD1D75D9790087B29C /* AppDelegate.swift in Sources */ = {isa = PBXBuildFile; fileRef = 067653DC1D75D9790087B29C /* AppDelegate.swift */; };
		067653DF1D75D9790087B29C /* ViewController.swift in Sources */ = {isa = PBXBuildFile; fileRef = 067653DE1D75D9790087B29C /* ViewController.swift */; };
		067653E21D75D9790087B29C /* Main.storyboard in Resources */ = {isa = PBXBuildFile; fileRef = 067653E01D75D9790087B29C /* Main.storyboard */; };
		067653E41D75D9790087B29C /* Assets.xcassets in Resources */ = {isa = PBXBuildFile; fileRef = 067653E31D75D9790087B29C /* Assets.xcassets */; };
		067653E71D75D9790087B29C /* LaunchScreen.storyboard in Resources */ = {isa = PBXBuildFile; fileRef = 067653E51D75D9790087B29C /* LaunchScreen.storyboard */; };
		067653EF1D75E4040087B29C /* AboutViewController.swift in Sources */ = {isa = PBXBuildFile; fileRef = 067653EE1D75E4040087B29C /* AboutViewController.swift */; };
		067653F11D75E5720087B29C /* BullsEye.html in Resources */ = {isa = PBXBuildFile; fileRef = 067653F01D75E5720087B29C /* BullsEye.html */; };
/* End PBXBuildFile section */

/* Begin PBXFileReference section */
		067653D91D75D9790087B29C /* bullseye2.app */ = {isa = PBXFileReference; explicitFileType = wrapper.application; includeInIndex = 0; path = bullseye2.app; sourceTree = BUILT_PRODUCTS_DIR; };
		067653DC1D75D9790087B29C /* AppDelegate.swift */ = {isa = PBXFileReference; lastKnownFileType = sourcecode.swift; path = AppDelegate.swift; sourceTree = "<group>"; };
		067653DE1D75D9790087B29C /* ViewController.swift */ = {isa = PBXFileReference; lastKnownFileType = sourcecode.swift; path = ViewController.swift; sourceTree = "<group>"; };
		067653E11D75D9790087B29C /* Base */ = {isa = PBXFileReference; lastKnownFileType = file.storyboard; name = Base; path = Base.lproj/Main.storyboard; sourceTree = "<group>"; };
		067653E31D75D9790087B29C /* Assets.xcassets */ = {isa = PBXFileReference; lastKnownFileType = folder.assetcatalog; path = Assets.xcassets; sourceTree = "<group>"; };
		067653E61D75D9790087B29C /* Base */ = {isa = PBXFileReference; lastKnownFileType = file.storyboard; name = Base; path = Base.lproj/LaunchScreen.storyboard; sourceTree = "<group>"; };
		067653E81D75D9790087B29C /* Info.plist */ = {isa = PBXFileReference; lastKnownFileType = text.plist.xml; path = Info.plist; sourceTree = "<group>"; };
		067653EE1D75E4040087B29C /* AboutViewController.swift */ = {isa = PBXFileReference; fileEncoding = 4; lastKnownFileType = sourcecode.swift; path = AboutViewController.swift; sourceTree = "<group>"; };
		067653F01D75E5720087B29C /* BullsEye.html */ = {isa = PBXFileReference; fileEncoding = 4; lastKnownFileType = text.html; path = BullsEye.html; sourceTree = "<group>"; };
/* End PBXFileReference section */

/* Begin PBXFrameworksBuildPhase section */
		067653D61D75D9790087B29C /* Frameworks */ = {
			isa = PBXFrameworksBuildPhase;
			buildActionMask = 2147483647;
			files = (
			);
			runOnlyForDeploymentPostprocessing = 0;
		};
/* End PBXFrameworksBuildPhase section */

/* Begin PBXGroup section */
		067653D01D75D9790087B29C = {
			isa = PBXGroup;
			children = (
				067653DB1D75D9790087B29C /* bullseye2 */,
				067653DA1D75D9790087B29C /* Products */,
			);
			sourceTree = "<group>";
		};
		067653DA1D75D9790087B29C /* Products */ = {
			isa = PBXGroup;
			children = (
				067653D91D75D9790087B29C /* bullseye2.app */,
			);
			name = Products;
			sourceTree = "<group>";
		};
		067653DB1D75D9790087B29C /* bullseye2 */ = {
			isa = PBXGroup;
			children = (
				067653F01D75E5720087B29C /* BullsEye.html */,
				067653DC1D75D9790087B29C /* AppDelegate.swift */,
				067653DE1D75D9790087B29C /* ViewController.swift */,
				067653EE1D75E4040087B29C /* AboutViewController.swift */,
				067653E01D75D9790087B29C /* Main.storyboard */,
				067653E31D75D9790087B29C /* Assets.xcassets */,
				067653E51D75D9790087B29C /* LaunchScreen.storyboard */,
				067653E81D75D9790087B29C /* Info.plist */,
			);
			path = bullseye2;
			sourceTree = "<group>";
		};
/* End PBXGroup section */

/* Begin PBXNativeTarget section */
		067653D81D75D9790087B29C /* bullseye2 */ = {
			isa = PBXNativeTarget;
			buildConfigurationList = 067653EB1D75D9790087B29C /* Build configuration list for PBXNativeTarget "bullseye2" */;
			buildPhases = (
				067653D51D75D9790087B29C /* Sources */,
				067653D61D75D9790087B29C /* Frameworks */,
				067653D71D75D9790087B29C /* Resources */,
			);
			buildRules = (
			);
			dependencies = (
			);
			name = bullseye2;
			productName = bullseye2;
			productReference = 067653D91D75D9790087B29C /* bullseye2.app */;
			productType = "com.apple.product-type.application";
		};
/* End PBXNativeTarget section */

/* Begin PBXProject section */
		067653D11D75D9790087B29C /* Project object */ = {
			isa = PBXProject;
			attributes = {
				LastSwiftUpdateCheck = 0730;
				LastUpgradeCheck = 0730;
				ORGANIZATIONNAME = Softclick;
				TargetAttributes = {
					067653D81D75D9790087B29C = {
						CreatedOnToolsVersion = 7.3.1;
					};
				};
			};
			buildConfigurationList = 067653D41D75D9790087B29C /* Build configuration list for PBXProject "bullseye2" */;
			compatibilityVersion = "Xcode 3.2";
			developmentRegion = English;
			hasScannedForEncodings = 0;
			knownRegions = (
				en,
				Base,
			);
			mainGroup = 067653D01D75D9790087B29C;
			productRefGroup = 067653DA1D75D9790087B29C /* Products */;
			projectDirPath = "";
			projectRoot = "";
			targets = (
				067653D81D75D9790087B29C /* bullseye2 */,
			);
		};
/* End PBXProject section */

/* Begin PBXResourcesBuildPhase section */
		067653D71D75D9790087B29C /* Resources */ = {
			isa = PBXResourcesBuildPhase;
			buildActionMask = 2147483647;
			files = (
				067653E71D75D9790087B29C /* LaunchScreen.storyboard in Resources */,
				067653F11D75E5720087B29C /* BullsEye.html in Resources */,
				067653E41D75D9790087B29C /* Assets.xcassets in Resources */,
				067653E21D75D9790087B29C /* Main.storyboard in Resources */,
			);
			runOnlyForDeploymentPostprocessing = 0;
		};
/* End PBXResourcesBuildPhase section */

/* Begin PBXSourcesBuildPhase section */
		067653D51D75D9790087B29C /* Sources */ = {
			isa = PBXSourcesBuildPhase;
			buildActionMask = 2147483647;
			files = (
				067653EF1D75E4040087B29C /* AboutViewController.swift in Sources */,
				067653DF1D75D9790087B29C /* ViewController.swift in Sources */,
				067653DD1D75D9790087B29C /* AppDelegate.swift in Sources */,
			);
			runOnlyForDeploymentPostprocessing = 0;
		};
/* End PBXSourcesBuildPhase section */

/* Begin PBXVariantGroup section */
		067653E01D75D9790087B29C /* Main.storyboard */ = {
			isa = PBXVariantGroup;
			children = (
				067653E11D75D9790087B29C /* Base */,
			);
			name = Main.storyboard;
			sourceTree = "<group>";
		};
		067653E51D75D9790087B29C /* LaunchScreen.storyboard */ = {
			isa = PBXVariantGroup;
			children = (
				067653E61D75D9790087B29C /* Base */,
			);
			name = LaunchScreen.storyboard;
			sourceTree = "<group>";
		};
/* End PBXVariantGroup section */

/* Begin XCBuildConfiguration section */
		067653E91D75D9790087B29C /* Debug */ = {
			isa = XCBuildConfiguration;
			buildSettings = {
				ALWAYS_SEARCH_USER_PATHS = NO;
				CLANG_ANALYZER_NONNULL = YES;
				CLANG_CXX_LANGUAGE_STANDARD = "gnu++0x";
				CLANG_CXX_LIBRARY = "libc++";
				CLANG_ENABLE_MODULES = YES;
				CLANG_ENABLE_OBJC_ARC = YES;
				CLANG_WARN_BOOL_CONVERSION = YES;
				CLANG_WARN_CONSTANT_CONVERSION = YES;
				CLANG_WARN_DIRECT_OBJC_ISA_USAGE = YES_ERROR;
				CLANG_WARN_EMPTY_BODY = YES;
				CLANG_WARN_ENUM_CONVERSION = YES;
				CLANG_WARN_INT_CONVERSION = YES;
				CLANG_WARN_OBJC_ROOT_CLASS = YES_ERROR;
				CLANG_WARN_UNREACHABLE_CODE = YES;
				CLANG_WARN__DUPLICATE_METHOD_MATCH = YES;
				"CODE_SIGN_IDENTITY[sdk=iphoneos*]" = "iPhone Developer";
				COPY_PHASE_STRIP = NO;
				DEBUG_INFORMATION_FORMAT = dwarf;
				ENABLE_STRICT_OBJC_MSGSEND = YES;
				ENABLE_TESTABILITY = YES;
				GCC_C_LANGUAGE_STANDARD = gnu99;
				GCC_DYNAMIC_NO_PIC = NO;
				GCC_NO_COMMON_BLOCKS = YES;
				GCC_OPTIMIZATION_LEVEL = 0;
				GCC_PREPROCESSOR_DEFINITIONS = (
					"DEBUG=1",
					"$(inherited)",
				);
				GCC_WARN_64_TO_32_BIT_CONVERSION = YES;
				GCC_WARN_ABOUT_RETURN_TYPE = YES_ERROR;
				GCC_WARN_UNDECLARED_SELECTOR = YES;
				GCC_WARN_UNINITIALIZED_AUTOS = YES_AGGRESSIVE;
				GCC_WARN_UNUSED_FUNCTION = YES;
				GCC_WARN_UNUSED_VARIABLE = YES;
				IPHONEOS_DEPLOYMENT_TARGET = 9.3;
				MTL_ENABLE_DEBUG_INFO = YES;
				ONLY_ACTIVE_ARCH = YES;
				SDKROOT = iphoneos;
				SWIFT_OPTIMIZATION_LEVEL = "-Onone";
			};
			name = Debug;
		};
		067653EA1D75D9790087B29C /* Release */ = {
			isa = XCBuildConfiguration;
			buildSettings = {
				ALWAYS_SEARCH_USER_PATHS = NO;
				CLANG_ANALYZER_NONNULL = YES;
				CLANG_CXX_LANGUAGE_STANDARD = "gnu++0x";
				CLANG_CXX_LIBRARY = "libc++";
				CLANG_ENABLE_MODULES = YES;
				CLANG_ENABLE_OBJC_ARC = YES;
				CLANG_WARN_BOOL_CONVERSION = YES;
				CLANG_WARN_CONSTANT_CONVERSION = YES;
				CLANG_WARN_DIRECT_OBJC_ISA_USAGE = YES_ERROR;
				CLANG_WARN_EMPTY_BODY = YES;
				CLANG_WARN_ENUM_CONVERSION = YES;
				CLANG_WARN_INT_CONVERSION = YES;
				CLANG_WARN_OBJC_ROOT_CLASS = YES_ERROR;
				CLANG_WARN_UNREACHABLE_CODE = YES;
				CLANG_WARN__DUPLICATE_METHOD_MATCH = YES;
				"CODE_SIGN_IDENTITY[sdk=iphoneos*]" = "iPhone Developer";
				COPY_PHASE_STRIP = NO;
				DEBUG_INFORMATION_FORMAT = "dwarf-with-dsym";
				ENABLE_NS_ASSERTIONS = NO;
				ENABLE_STRICT_OBJC_MSGSEND = YES;
				GCC_C_LANGUAGE_STANDARD = gnu99;
				GCC_NO_COMMON_BLOCKS = YES;
				GCC_WARN_64_TO_32_BIT_CONVERSION = YES;
				GCC_WARN_ABOUT_RETURN_TYPE = YES_ERROR;
				GCC_WARN_UNDECLARED_SELECTOR = YES;
				GCC_WARN_UNINITIALIZED_AUTOS = YES_AGGRESSIVE;
				GCC_WARN_UNUSED_FUNCTION = YES;
				GCC_WARN_UNUSED_VARIABLE = YES;
				IPHONEOS_DEPLOYMENT_TARGET = 9.3;
				MTL_ENABLE_DEBUG_INFO = NO;
				SDKROOT = iphoneos;
				VALIDATE_PRODUCT = YES;
			};
			name = Release;
		};
		067653EC1D75D9790087B29C /* Debug */ = {
			isa = XCBuildConfiguration;
			buildSettings = {
				ASSETCATALOG_COMPILER_APPICON_NAME = AppIcon;
				INFOPLIST_FILE = bullseye2/Info.plist;
				LD_RUNPATH_SEARCH_PATHS = "$(inherited) @executable_path/Frameworks";
				PRODUCT_BUNDLE_IDENTIFIER = com.softclick.bullseye2;
				PRODUCT_NAME = "$(TARGET_NAME)";
			};
			name = Debug;
		};
		067653ED1D75D9790087B29C /* Release */ = {
			isa = XCBuildConfiguration;
			buildSettings = {
				ASSETCATALOG_COMPILER_APPICON_NAME = AppIcon;
				INFOPLIST_FILE = bullseye2/Info.plist;
				LD_RUNPATH_SEARCH_PATHS = "$(inherited) @executable_path/Frameworks";
				PRODUCT_BUNDLE_IDENTIFIER = com.softclick.bullseye2;
				PRODUCT_NAME = "$(TARGET_NAME)";
			};
			name = Release;
		};
/* End XCBuildConfiguration section */

/* Begin XCConfigurationList section */
		067653D41D75D9790087B29C /* Build configuration list for PBXProject "bullseye2" */ = {
			isa = XCConfigurationList;
			buildConfigurations = (
				067653E91D75D9790087B29C /* Debug */,
				067653EA1D75D9790087B29C /* Release */,
			);
			defaultConfigurationIsVisible = 0;
			defaultConfigurationName = Release;
		};
		067653EB1D75D9790087B29C /* Build configuration list for PBXNativeTarget "bullseye2" */ = {
			isa = XCConfigurationList;
			buildConfigurations = (
				067653EC1D75D9790087B29C /* Debug */,
				067653ED1D75D9790087B29C /* Release */,
			);
			defaultConfigurationIsVisible = 0;
		};
/* End XCConfigurationList section */
	};
	rootObject = 067653D11D75D9790087B29C /* Project object */;
}
